
Microsoft Visual Studio Solution File, Format Version 12.00
# Visual Studio Version 16
VisualStudioVersion = 16.0.31205.134
MinimumVisualStudioVersion = 10.0.40219.1
Project("{9A19103F-16F7-4668-BE54-9A1E7A4F7556}") = "AspNetCore.RabbitMQ", "RabbitMQ\AspNetCore.RabbitMQ\AspNetCore.RabbitMQ.csproj", "{D64C2B78-9C28-4966-B625-F838BF0C071C}"
EndProject
Project("{FAE04EC0-301F-11D3-BF4B-00C04F79EFBC}") = "MQTest", "MQTest\MQTest\MQTest.csproj", "{0893A6F9-B4D5-4867-B30D-B8B753728BE8}"
EndProject
Global
	GlobalSection(SolutionConfigurationPlatforms) = preSolution
		Debug|Any CPU = Debug|Any CPU
		Release|Any CPU = Release|Any CPU
	EndGlobalSection
	GlobalSection(ProjectConfigurationPlatforms) = postSolution
		{D64C2B78-9C28-4966-B625-F838BF0C071C}.Debug|Any CPU.ActiveCfg = Debug|Any CPU
		{D64C2B78-9C28-4966-B625-F838BF0C071C}.Debug|Any CPU.Build.0 = Debug|Any CPU
		{D64C2B78-9C28-4966-B625-F838BF0C071C}.Release|Any CPU.ActiveCfg = Release|Any CPU
		{D64C2B78-9C28-4966-B625-F838BF0C071C}.Release|Any CPU.Build.0 = Release|Any CPU
		{0893A6F9-B4D5-4867-B30D-B8B753728BE8}.Debug|Any CPU.ActiveCfg = Debug|Any CPU
		{0893A6F9-B4D5-4867-B30D-B8B753728BE8}.Debug|Any CPU.Build.0 = Debug|Any CPU
		{0893A6F9-B4D5-4867-B30D-B8B753728BE8}.Release|Any CPU.ActiveCfg = Release|Any CPU
		{0893A6F9-B4D5-4867-B30D-B8B753728BE8}.Release|Any CPU.Build.0 = Release|Any CPU
	EndGlobalSection
	GlobalSection(SolutionProperties) = preSolution
		HideSolutionNode = FALSE
	EndGlobalSection
	GlobalSection(ExtensibilityGlobals) = postSolution
		SolutionGuid = {7CD5D3FE-1D90-40EF-A145-312DFA4F2037}
	EndGlobalSection
EndGlobal
